
Microsoft Visual Studio Solution File, Format Version 12.00
# Visual Studio Version 17
VisualStudioVersion = 17.9.34622.214
MinimumVisualStudioVersion = 10.0.40219.1
Project("{FAE04EC0-301F-11D3-BF4B-00C04F79EFBC}") = "Interpolation Search", "Interpolation Search\Interpolation Search.csproj", "{8442460D-C527-4AF9-9CD6-F290A62FB470}"
EndProject
Global
	GlobalSection(SolutionConfigurationPlatforms) = preSolution
		Debug|Any CPU = Debug|Any CPU
		Release|Any CPU = Release|Any CPU
	EndGlobalSection
	GlobalSection(ProjectConfigurationPlatforms) = postSolution
		{8442460D-C527-4AF9-9CD6-F290A62FB470}.Debug|Any CPU.ActiveCfg = Debug|Any CPU
		{8442460D-C527-4AF9-9CD6-F290A62FB470}.Debug|Any CPU.Build.0 = Debug|Any CPU
		{8442460D-C527-4AF9-9CD6-F290A62FB470}.Release|Any CPU.ActiveCfg = Release|Any CPU
		{8442460D-C527-4AF9-9CD6-F290A62FB470}.Release|Any CPU.Build.0 = Release|Any CPU
	EndGlobalSection
	GlobalSection(SolutionProperties) = preSolution
		HideSolutionNode = FALSE
	EndGlobalSection
	GlobalSection(ExtensibilityGlobals) = postSolution
		SolutionGuid = {27320D2F-7509-452F-9501-66DB0EBFFD73}
	EndGlobalSection
EndGlobal
